# This file is autogenerated, do not edit; changes may be undone by the next 'dep ensure'.


[[projects]]
  digest = "1:9f6d41e901cde897bad4569877c96c9cacee67c9c6ede2794c515371c954cb6a"
  name = "github.com/emicklei/go-restful"
  packages = [
    ".",
    "log",
  ]
  pruneopts = "UT"
  revision = "e37671aced663c8d3a395bd301857e26dcf4340c"
  version = "v2.8.1"

[[projects]]
  branch = "master"
  digest = "1:78102ee4d536347316bc42e818340cc50902e45dbd7fdd524c5a1fc0cb07b588"
  name = "github.com/globalsign/mgo"
  packages = [
    ".",
    "bson",
    "internal/json",
    "internal/sasl",
    "internal/scram",
  ]
  pruneopts = "UT"
  revision = "eeefdecb41b842af6dc652aaea4026e8403e62df"

[[projects]]
  digest = "1:c116114869f44c711fa5baf9e019fa327101c82ddc4dcc1de84db1f6c43a2d36"
  name = "github.com/go-ozzo/ozzo-validation"
  packages = ["."]
  pruneopts = "UT"
  revision = "106681dbb37bfa3e7683c4c8129cb7f5925ea3e9"
  version = "v3.5.0"

[[projects]]
  digest = "1:ce431d26276fb2227ae64ad2f7d980e8da9126c93979d9c83f413c36215e7031"
  name = "github.com/go-resty/resty"
  packages = ["."]
  pruneopts = "UT"
  revision = "03c09fa32a21b7b27b8dbb3877826c1ab3d2daa2"
  version = "v1.11.0"

[[projects]]
  branch = "master"
  digest = "1:bdaff70202ae63f15db80333aa2dc409d634b56d3c74b4bb49bf310c78c5bfbf"
  name = "github.com/ic2hrmk/minish-bot"
  packages = ["shared/env"]
  pruneopts = "UT"
  revision = "5a15e9292eafcef909161929fe601a729cedac6b"

[[projects]]
  digest = "1:f1b6c1c7a55668682b2625e72df81e7d043a7be462be912432c96cc7ac341dd6"
  name = "github.com/ic2hrmk/ship_ports"
  packages = [
    "app/gateways/port/representation",
    "shared/env",
    "shared/gateway/representation",
  ]
  pruneopts = "UT"
  revision = "7215becaed9866cbd70a53c0850e7c4e5ec291af"
  version = "0.1.0"

[[projects]]
  digest = "1:ecd9aa82687cf31d1585d4ac61d0ba180e42e8a6182b85bd785fcca8dfeefc1b"
  name = "github.com/joho/godotenv"
  packages = ["."]
  pruneopts = "UT"
  revision = "23d116af351c84513e1946b527c88823e476be13"
  version = "v1.3.0"

[[projects]]
  digest = "1:3e551bbb3a7c0ab2a2bf4660e7fcad16db089fdcfbb44b0199e62838038623ea"
  name = "github.com/json-iterator/go"
  packages = ["."]
  pruneopts = "UT"
  revision = "1624edc4454b8682399def8740d46db5e4362ba4"
  version = "v1.1.5"

[[projects]]
  digest = "1:33422d238f147d247752996a26574ac48dcf472976eda7f5134015f06bf16563"
  name = "github.com/modern-go/concurrent"
  packages = ["."]
  pruneopts = "UT"
  revision = "bacd9c7ef1dd9b15be4a9909b8ac7a4e313eec94"
  version = "1.0.3"

[[projects]]
  digest = "1:e32bdbdb7c377a07a9a46378290059822efdce5c8d96fe71940d87cb4f918855"
  name = "github.com/modern-go/reflect2"
  packages = ["."]
  pruneopts = "UT"
  revision = "4b7aa43c6742a2c18fdef89dd197aaae7dac7ccd"
  version = "1.0.1"

[[projects]]
  digest = "1:cf31692c14422fa27c83a05292eb5cbe0fb2775972e8f1f8446a71549bd8980b"
  name = "github.com/pkg/errors"
  packages = ["."]
  pruneopts = "UT"
  revision = "ba968bfe8b2f7e042a574c888954fccecfa385b4"
  version = "v0.8.1"

[[projects]]
  branch = "master"
  digest = "1:b6a3256ffb6ee9d7e7159c062f57e091c30c19e13ac3c676729baac7d83ecd21"
  name = "golang.org/x/net"
  packages = [
    "idna",
    "publicsuffix",
  ]
  pruneopts = "UT"
  revision = "d26f9f9a57f3fab6a695bec0d84433c2c50f8bbf"

[[projects]]
  digest = "1:a2ab62866c75542dd18d2b069fec854577a20211d7c0ea6ae746072a1dccdd18"
  name = "golang.org/x/text"
  packages = [
    "collate",
    "collate/build",
    "internal/colltab",
    "internal/gen",
    "internal/tag",
    "internal/triegen",
    "internal/ucd",
    "language",
    "secure/bidirule",
    "transform",
    "unicode/bidi",
    "unicode/cldr",
    "unicode/norm",
    "unicode/rangetable",
  ]
  pruneopts = "UT"
  revision = "f21a4dfb5e38f5895301dc265a8def02365cc3d0"
  version = "v0.3.0"

[solve-meta]
  analyzer-name = "dep"
  analyzer-version = 1
  input-imports = [
    "github.com/emicklei/go-restful",
    "github.com/globalsign/mgo",
    "github.com/go-ozzo/ozzo-validation",
    "github.com/go-resty/resty",
    "github.com/ic2hrmk/minish-bot/shared/env",
    "github.com/ic2hrmk/ship_ports/app/gateways/port/representation",
    "github.com/ic2hrmk/ship_ports/shared/env",
    "github.com/ic2hrmk/ship_ports/shared/gateway/representation",
    "github.com/joho/godotenv",
    "github.com/pkg/errors",
  ]
  solver-name = "gps-cdcl"
  solver-version = 1
